
Microsoft Visual Studio Solution File, Format Version 12.00
# Visual Studio Version 17
VisualStudioVersion = 17.9.34723.18
MinimumVisualStudioVersion = 10.0.40219.1
Project("{FAE04EC0-301F-11D3-BF4B-00C04F79EFBC}") = "RH", "RH\RH.csproj", "{F4D5882D-8B37-44E6-80CB-50F61A1CF3D1}"
EndProject
Global
	GlobalSection(SolutionConfigurationPlatforms) = preSolution
		Debug|Any CPU = Debug|Any CPU
		Release|Any CPU = Release|Any CPU
	EndGlobalSection
	GlobalSection(ProjectConfigurationPlatforms) = postSolution
		{F4D5882D-8B37-44E6-80CB-50F61A1CF3D1}.Debug|Any CPU.ActiveCfg = Debug|Any CPU
		{F4D5882D-8B37-44E6-80CB-50F61A1CF3D1}.Debug|Any CPU.Build.0 = Debug|Any CPU
		{F4D5882D-8B37-44E6-80CB-50F61A1CF3D1}.Release|Any CPU.ActiveCfg = Release|Any CPU
		{F4D5882D-8B37-44E6-80CB-50F61A1CF3D1}.Release|Any CPU.Build.0 = Release|Any CPU
	EndGlobalSection
	GlobalSection(SolutionProperties) = preSolution
		HideSolutionNode = FALSE
	EndGlobalSection
	GlobalSection(ExtensibilityGlobals) = postSolution
		SolutionGuid = {DBA11800-A6F6-4294-92AF-E4C38EC1838B}
	EndGlobalSection
EndGlobal
