
Microsoft Visual Studio Solution File, Format Version 12.00
# Visual Studio Version 17
VisualStudioVersion = 17.9.34723.18
MinimumVisualStudioVersion = 10.0.40219.1
Project("{FAE04EC0-301F-11D3-BF4B-00C04F79EFBC}") = "Ti_Project", "Ti_Project\Ti_Project.csproj", "{6A0B0135-5156-4C2D-9A32-7FB6B8C03484}"
EndProject
Global
	GlobalSection(SolutionConfigurationPlatforms) = preSolution
		Debug|Any CPU = Debug|Any CPU
		Release|Any CPU = Release|Any CPU
	EndGlobalSection
	GlobalSection(ProjectConfigurationPlatforms) = postSolution
		{6A0B0135-5156-4C2D-9A32-7FB6B8C03484}.Debug|Any CPU.ActiveCfg = Debug|Any CPU
		{6A0B0135-5156-4C2D-9A32-7FB6B8C03484}.Debug|Any CPU.Build.0 = Debug|Any CPU
		{6A0B0135-5156-4C2D-9A32-7FB6B8C03484}.Release|Any CPU.ActiveCfg = Release|Any CPU
		{6A0B0135-5156-4C2D-9A32-7FB6B8C03484}.Release|Any CPU.Build.0 = Release|Any CPU
	EndGlobalSection
	GlobalSection(SolutionProperties) = preSolution
		HideSolutionNode = FALSE
	EndGlobalSection
	GlobalSection(ExtensibilityGlobals) = postSolution
		SolutionGuid = {CD5F7875-8330-4A2D-875F-9D3BD7E071D9}
	EndGlobalSection
EndGlobal
